// !$*UTF8*$!
{
	archiveVersion = 1;
	classes = {
	};
	objectVersion = 50;
	objects = {

/* Begin PBXBuildFile section */
		973AA67820CA827F000359A0 /* GestureRec_01_Iteration8.mlmodel in Sources */ = {isa = PBXBuildFile; fileRef = 973AA67720CA827F000359A0 /* GestureRec_01_Iteration8.mlmodel */; };
		97BEEBA220C9D74500883D6E /* AppDelegate.swift in Sources */ = {isa = PBXBuildFile; fileRef = 97BEEBA120C9D74500883D6E /* AppDelegate.swift */; };
		97BEEBA420C9D74500883D6E /* ViewController.swift in Sources */ = {isa = PBXBuildFile; fileRef = 97BEEBA320C9D74500883D6E /* ViewController.swift */; };
		97BEEBA720C9D74500883D6E /* Main.storyboard in Resources */ = {isa = PBXBuildFile; fileRef = 97BEEBA520C9D74500883D6E /* Main.storyboard */; };
		97BEEBA920C9D74600883D6E /* Assets.xcassets in Resources */ = {isa = PBXBuildFile; fileRef = 97BEEBA820C9D74600883D6E /* Assets.xcassets */; };
		97BEEBAC20C9D74600883D6E /* LaunchScreen.storyboard in Resources */ = {isa = PBXBuildFile; fileRef = 97BEEBAA20C9D74600883D6E /* LaunchScreen.storyboard */; };
		97BEEBB620C9E03700883D6E /* example_5s0_hand_model.mlmodel in Sources */ = {isa = PBXBuildFile; fileRef = 97BEEBB520C9E03700883D6E /* example_5s0_hand_model.mlmodel */; };
/* End PBXBuildFile section */

/* Begin PBXFileReference section */
		973AA67720CA827F000359A0 /* GestureRec_01_Iteration8.mlmodel */ = {isa = PBXFileReference; lastKnownFileType = file.mlmodel; path = GestureRec_01_Iteration8.mlmodel; sourceTree = "<group>"; };
		97BEEB9E20C9D74500883D6E /* GestureRec.app */ = {isa = PBXFileReference; explicitFileType = wrapper.application; includeInIndex = 0; path = GestureRec.app; sourceTree = BUILT_PRODUCTS_DIR; };
		97BEEBA120C9D74500883D6E /* AppDelegate.swift */ = {isa = PBXFileReference; lastKnownFileType = sourcecode.swift; path = AppDelegate.swift; sourceTree = "<group>"; };
		97BEEBA320C9D74500883D6E /* ViewController.swift */ = {isa = PBXFileReference; lastKnownFileType = sourcecode.swift; path = ViewController.swift; sourceTree = "<group>"; };
		97BEEBA620C9D74500883D6E /* Base */ = {isa = PBXFileReference; lastKnownFileType = file.storyboard; name = Base; path = Base.lproj/Main.storyboard; sourceTree = "<group>"; };
		97BEEBA820C9D74600883D6E /* Assets.xcassets */ = {isa = PBXFileReference; lastKnownFileType = folder.assetcatalog; path = Assets.xcassets; sourceTree = "<group>"; };
		97BEEBAB20C9D74600883D6E /* Base */ = {isa = PBXFileReference; lastKnownFileType = file.storyboard; name = Base; path = Base.lproj/LaunchScreen.storyboard; sourceTree = "<group>"; };
		97BEEBAD20C9D74600883D6E /* Info.plist */ = {isa = PBXFileReference; lastKnownFileType = text.plist.xml; path = Info.plist; sourceTree = "<group>"; };
		97BEEBB520C9E03700883D6E /* example_5s0_hand_model.mlmodel */ = {isa = PBXFileReference; lastKnownFileType = file.mlmodel; path = example_5s0_hand_model.mlmodel; sourceTree = "<group>"; };
/* End PBXFileReference section */

/* Begin PBXFrameworksBuildPhase section */
		97BEEB9B20C9D74500883D6E /* Frameworks */ = {
			isa = PBXFrameworksBuildPhase;
			buildActionMask = 2147483647;
			files = (
			);
			runOnlyForDeploymentPostprocessing = 0;
		};
/* End PBXFrameworksBuildPhase section */

/* Begin PBXGroup section */
		97BEEB9520C9D74500883D6E = {
			isa = PBXGroup;
			children = (
				97BEEBA020C9D74500883D6E /* GestureRec */,
				97BEEB9F20C9D74500883D6E /* Products */,
			);
			sourceTree = "<group>";
		};
		97BEEB9F20C9D74500883D6E /* Products */ = {
			isa = PBXGroup;
			children = (
				97BEEB9E20C9D74500883D6E /* GestureRec.app */,
			);
			name = Products;
			sourceTree = "<group>";
		};
		97BEEBA020C9D74500883D6E /* GestureRec */ = {
			isa = PBXGroup;
			children = (
				97BEEBA120C9D74500883D6E /* AppDelegate.swift */,
				97BEEBA320C9D74500883D6E /* ViewController.swift */,
				97BEEBA520C9D74500883D6E /* Main.storyboard */,
				97BEEBA820C9D74600883D6E /* Assets.xcassets */,
				97BEEBAA20C9D74600883D6E /* LaunchScreen.storyboard */,
				97BEEBAD20C9D74600883D6E /* Info.plist */,
				97BEEBB520C9E03700883D6E /* example_5s0_hand_model.mlmodel */,
				973AA67720CA827F000359A0 /* GestureRec_01_Iteration8.mlmodel */,
			);
			path = GestureRec;
			sourceTree = "<group>";
		};
/* End PBXGroup section */

/* Begin PBXNativeTarget section */
		97BEEB9D20C9D74500883D6E /* GestureRec */ = {
			isa = PBXNativeTarget;
			buildConfigurationList = 97BEEBB020C9D74600883D6E /* Build configuration list for PBXNativeTarget "GestureRec" */;
			buildPhases = (
				97BEEB9A20C9D74500883D6E /* Sources */,
				97BEEB9B20C9D74500883D6E /* Frameworks */,
				97BEEB9C20C9D74500883D6E /* Resources */,
			);
			buildRules = (
			);
			dependencies = (
			);
			name = GestureRec;
			productName = GestureRec;
			productReference = 97BEEB9E20C9D74500883D6E /* GestureRec.app */;
			productType = "com.apple.product-type.application";
		};
/* End PBXNativeTarget section */

/* Begin PBXProject section */
		97BEEB9620C9D74500883D6E /* Project object */ = {
			isa = PBXProject;
			attributes = {
				LastSwiftUpdateCheck = 1000;
				LastUpgradeCheck = 1000;
				ORGANIZATIONNAME = "Maximilian Brandl";
				TargetAttributes = {
					97BEEB9D20C9D74500883D6E = {
						CreatedOnToolsVersion = 10.0;
					};
				};
			};
			buildConfigurationList = 97BEEB9920C9D74500883D6E /* Build configuration list for PBXProject "GestureRec" */;
			compatibilityVersion = "Xcode 9.3";
			developmentRegion = en;
			hasScannedForEncodings = 0;
			knownRegions = (
				en,
				Base,
			);
			mainGroup = 97BEEB9520C9D74500883D6E;
			productRefGroup = 97BEEB9F20C9D74500883D6E /* Products */;
			projectDirPath = "";
			projectRoot = "";
			targets = (
				97BEEB9D20C9D74500883D6E /* GestureRec */,
			);
		};
/* End PBXProject section */

/* Begin PBXResourcesBuildPhase section */
		97BEEB9C20C9D74500883D6E /* Resources */ = {
			isa = PBXResourcesBuildPhase;
			buildActionMask = 2147483647;
			files = (
				97BEEBAC20C9D74600883D6E /* LaunchScreen.storyboard in Resources */,
				97BEEBA920C9D74600883D6E /* Assets.xcassets in Resources */,
				97BEEBA720C9D74500883D6E /* Main.storyboard in Resources */,
			);
			runOnlyForDeploymentPostprocessing = 0;
		};
/* End PBXResourcesBuildPhase section */

/* Begin PBXSourcesBuildPhase section */
		97BEEB9A20C9D74500883D6E /* Sources */ = {
			isa = PBXSourcesBuildPhase;
			buildActionMask = 2147483647;
			files = (
				97BEEBA420C9D74500883D6E /* ViewController.swift in Sources */,
				97BEEBA220C9D74500883D6E /* AppDelegate.swift in Sources */,
				973AA67820CA827F000359A0 /* GestureRec_01_Iteration8.mlmodel in Sources */,
				97BEEBB620C9E03700883D6E /* example_5s0_hand_model.mlmodel in Sources */,
			);
			runOnlyForDeploymentPostprocessing = 0;
		};
/* End PBXSourcesBuildPhase section */

/* Begin PBXVariantGroup section */
		97BEEBA520C9D74500883D6E /* Main.storyboard */ = {
			isa = PBXVariantGroup;
			children = (
				97BEEBA620C9D74500883D6E /* Base */,
			);
			name = Main.storyboard;
			sourceTree = "<group>";
		};
		97BEEBAA20C9D74600883D6E /* LaunchScreen.storyboard */ = {
			isa = PBXVariantGroup;
			children = (
				97BEEBAB20C9D74600883D6E /* Base */,
			);
			name = LaunchScreen.storyboard;
			sourceTree = "<group>";
		};
/* End PBXVariantGroup section */

/* Begin XCBuildConfiguration section */
		97BEEBAE20C9D74600883D6E /* Debug */ = {
			isa = XCBuildConfiguration;
			buildSettings = {
				ALWAYS_SEARCH_USER_PATHS = NO;
				CLANG_ANALYZER_NONNULL = YES;
				CLANG_ANALYZER_NUMBER_OBJECT_CONVERSION = YES_AGGRESSIVE;
				CLANG_CXX_LANGUAGE_STANDARD = "gnu++14";
				CLANG_CXX_LIBRARY = "libc++";
				CLANG_ENABLE_MODULES = YES;
				CLANG_ENABLE_OBJC_ARC = YES;
				CLANG_ENABLE_OBJC_WEAK = YES;
				CLANG_WARN_BLOCK_CAPTURE_AUTORELEASING = YES;
				CLANG_WARN_BOOL_CONVERSION = YES;
				CLANG_WARN_COMMA = YES;
				CLANG_WARN_CONSTANT_CONVERSION = YES;
				CLANG_WARN_DEPRECATED_OBJC_IMPLEMENTATIONS = YES;
				CLANG_WARN_DIRECT_OBJC_ISA_USAGE = YES_ERROR;
				CLANG_WARN_DOCUMENTATION_COMMENTS = YES;
				CLANG_WARN_EMPTY_BODY = YES;
				CLANG_WARN_ENUM_CONVERSION = YES;
				CLANG_WARN_INFINITE_RECURSION = YES;
				CLANG_WARN_INT_CONVERSION = YES;
				CLANG_WARN_NON_LITERAL_NULL_CONVERSION = YES;
				CLANG_WARN_OBJC_IMPLICIT_RETAIN_SELF = YES;
				CLANG_WARN_OBJC_LITERAL_CONVERSION = YES;
				CLANG_WARN_OBJC_ROOT_CLASS = YES_ERROR;
				CLANG_WARN_RANGE_LOOP_ANALYSIS = YES;
				CLANG_WARN_STRICT_PROTOTYPES = YES;
				CLANG_WARN_SUSPICIOUS_MOVE = YES;
				CLANG_WARN_UNGUARDED_AVAILABILITY = YES_AGGRESSIVE;
				CLANG_WARN_UNREACHABLE_CODE = YES;
				CLANG_WARN__DUPLICATE_METHOD_MATCH = YES;
				CODE_SIGN_IDENTITY = "iPhone Developer";
				COPY_PHASE_STRIP = NO;
				DEBUG_INFORMATION_FORMAT = dwarf;
				ENABLE_STRICT_OBJC_MSGSEND = YES;
				ENABLE_TESTABILITY = YES;
				GCC_C_LANGUAGE_STANDARD = gnu11;
				GCC_DYNAMIC_NO_PIC = NO;
				GCC_NO_COMMON_BLOCKS = YES;
				GCC_OPTIMIZATION_LEVEL = 0;
				GCC_PREPROCESSOR_DEFINITIONS = (
					"DEBUG=1",
					"$(inherited)",
				);
				GCC_WARN_64_TO_32_BIT_CONVERSION = YES;
				GCC_WARN_ABOUT_RETURN_TYPE = YES_ERROR;
				GCC_WARN_UNDECLARED_SELECTOR = YES;
				GCC_WARN_UNINITIALIZED_AUTOS = YES_AGGRESSIVE;
				GCC_WARN_UNUSED_FUNCTION = YES;
				GCC_WARN_UNUSED_VARIABLE = YES;
				IPHONEOS_DEPLOYMENT_TARGET = 12.0;
				MTL_ENABLE_DEBUG_INFO = INCLUDE_SOURCE;
				ONLY_ACTIVE_ARCH = YES;
				SDKROOT = iphoneos;
				SWIFT_ACTIVE_COMPILATION_CONDITIONS = DEBUG;
				SWIFT_OPTIMIZATION_LEVEL = "-Onone";
			};
			name = Debug;
		};
		97BEEBAF20C9D74600883D6E /* Release */ = {
			isa = XCBuildConfiguration;
			buildSettings = {
				ALWAYS_SEARCH_USER_PATHS = NO;
				CLANG_ANALYZER_NONNULL = YES;
				CLANG_ANALYZER_NUMBER_OBJECT_CONVERSION = YES_AGGRESSIVE;
				CLANG_CXX_LANGUAGE_STANDARD = "gnu++14";
				CLANG_CXX_LIBRARY = "libc++";
				CLANG_ENABLE_MODULES = YES;
				CLANG_ENABLE_OBJC_ARC = YES;
				CLANG_ENABLE_OBJC_WEAK = YES;
				CLANG_WARN_BLOCK_CAPTURE_AUTORELEASING = YES;
				CLANG_WARN_BOOL_CONVERSION = YES;
				CLANG_WARN_COMMA = YES;
				CLANG_WARN_CONSTANT_CONVERSION = YES;
				CLANG_WARN_DEPRECATED_OBJC_IMPLEMENTATIONS = YES;
				CLANG_WARN_DIRECT_OBJC_ISA_USAGE = YES_ERROR;
				CLANG_WARN_DOCUMENTATION_COMMENTS = YES;
				CLANG_WARN_EMPTY_BODY = YES;
				CLANG_WARN_ENUM_CONVERSION = YES;
				CLANG_WARN_INFINITE_RECURSION = YES;
				CLANG_WARN_INT_CONVERSION = YES;
				CLANG_WARN_NON_LITERAL_NULL_CONVERSION = YES;
				CLANG_WARN_OBJC_IMPLICIT_RETAIN_SELF = YES;
				CLANG_WARN_OBJC_LITERAL_CONVERSION = YES;
				CLANG_WARN_OBJC_ROOT_CLASS = YES_ERROR;
				CLANG_WARN_RANGE_LOOP_ANALYSIS = YES;
				CLANG_WARN_STRICT_PROTOTYPES = YES;
				CLANG_WARN_SUSPICIOUS_MOVE = YES;
				CLANG_WARN_UNGUARDED_AVAILABILITY = YES_AGGRESSIVE;
				CLANG_WARN_UNREACHABLE_CODE = YES;
				CLANG_WARN__DUPLICATE_METHOD_MATCH = YES;
				CODE_SIGN_IDENTITY = "iPhone Developer";
				COPY_PHASE_STRIP = NO;
				DEBUG_INFORMATION_FORMAT = "dwarf-with-dsym";
				ENABLE_NS_ASSERTIONS = NO;
				ENABLE_STRICT_OBJC_MSGSEND = YES;
				GCC_C_LANGUAGE_STANDARD = gnu11;
				GCC_NO_COMMON_BLOCKS = YES;
				GCC_WARN_64_TO_32_BIT_CONVERSION = YES;
				GCC_WARN_ABOUT_RETURN_TYPE = YES_ERROR;
				GCC_WARN_UNDECLARED_SELECTOR = YES;
				GCC_WARN_UNINITIALIZED_AUTOS = YES_AGGRESSIVE;
				GCC_WARN_UNUSED_FUNCTION = YES;
				GCC_WARN_UNUSED_VARIABLE = YES;
				IPHONEOS_DEPLOYMENT_TARGET = 12.0;
				MTL_ENABLE_DEBUG_INFO = NO;
				SDKROOT = iphoneos;
				SWIFT_COMPILATION_MODE = wholemodule;
				SWIFT_OPTIMIZATION_LEVEL = "-O";
				VALIDATE_PRODUCT = YES;
			};
			name = Release;
		};
		97BEEBB120C9D74600883D6E /* Debug */ = {
			isa = XCBuildConfiguration;
			buildSettings = {
				ASSETCATALOG_COMPILER_APPICON_NAME = AppIcon;
				CODE_SIGN_STYLE = Automatic;
				DEVELOPMENT_TEAM = 2BMWZK687S;
				INFOPLIST_FILE = GestureRec/Info.plist;
				IPHONEOS_DEPLOYMENT_TARGET = 11.4;
				LD_RUNPATH_SEARCH_PATHS = (
					"$(inherited)",
					"@executable_path/Frameworks",
				);
				PRODUCT_BUNDLE_IDENTIFIER = com.brandlmax.GestureRec;
				PRODUCT_NAME = "$(TARGET_NAME)";
				SWIFT_VERSION = 4.2;
				TARGETED_DEVICE_FAMILY = "1,2";
			};
			name = Debug;
		};
		97BEEBB220C9D74600883D6E /* Release */ = {
			isa = XCBuildConfiguration;
			buildSettings = {
				ASSETCATALOG_COMPILER_APPICON_NAME = AppIcon;
				CODE_SIGN_STYLE = Automatic;
				DEVELOPMENT_TEAM = 2BMWZK687S;
				INFOPLIST_FILE = GestureRec/Info.plist;
				IPHONEOS_DEPLOYMENT_TARGET = 11.4;
				LD_RUNPATH_SEARCH_PATHS = (
					"$(inherited)",
					"@executable_path/Frameworks",
				);
				PRODUCT_BUNDLE_IDENTIFIER = com.brandlmax.GestureRec;
				PRODUCT_NAME = "$(TARGET_NAME)";
				SWIFT_VERSION = 4.2;
				TARGETED_DEVICE_FAMILY = "1,2";
			};
			name = Release;
		};
/* End XCBuildConfiguration section */

/* Begin XCConfigurationList section */
		97BEEB9920C9D74500883D6E /* Build configuration list for PBXProject "GestureRec" */ = {
			isa = XCConfigurationList;
			buildConfigurations = (
				97BEEBAE20C9D74600883D6E /* Debug */,
				97BEEBAF20C9D74600883D6E /* Release */,
			);
			defaultConfigurationIsVisible = 0;
			defaultConfigurationName = Release;
		};
		97BEEBB020C9D74600883D6E /* Build configuration list for PBXNativeTarget "GestureRec" */ = {
			isa = XCConfigurationList;
			buildConfigurations = (
				97BEEBB120C9D74600883D6E /* Debug */,
				97BEEBB220C9D74600883D6E /* Release */,
			);
			defaultConfigurationIsVisible = 0;
			defaultConfigurationName = Release;
		};
/* End XCConfigurationList section */
	};
	rootObject = 97BEEB9620C9D74500883D6E /* Project object */;
}
